
Microsoft Visual Studio Solution File, Format Version 12.00
# Visual Studio Version 16
VisualStudioVersion = 16.0.34407.143
MinimumVisualStudioVersion = 10.0.40219.1
Project("{FAE04EC0-301F-11D3-BF4B-00C04F79EFBC}") = "IMC", "IMC\IMC.csproj", "{1CDE3EC4-7705-4914-AB45-EC9E92F33BF4}"
EndProject
Global
	GlobalSection(SolutionConfigurationPlatforms) = preSolution
		Debug|Any CPU = Debug|Any CPU
		Release|Any CPU = Release|Any CPU
	EndGlobalSection
	GlobalSection(ProjectConfigurationPlatforms) = postSolution
		{1CDE3EC4-7705-4914-AB45-EC9E92F33BF4}.Debug|Any CPU.ActiveCfg = Debug|Any CPU
		{1CDE3EC4-7705-4914-AB45-EC9E92F33BF4}.Debug|Any CPU.Build.0 = Debug|Any CPU
		{1CDE3EC4-7705-4914-AB45-EC9E92F33BF4}.Release|Any CPU.ActiveCfg = Release|Any CPU
		{1CDE3EC4-7705-4914-AB45-EC9E92F33BF4}.Release|Any CPU.Build.0 = Release|Any CPU
	EndGlobalSection
	GlobalSection(SolutionProperties) = preSolution
		HideSolutionNode = FALSE
	EndGlobalSection
	GlobalSection(ExtensibilityGlobals) = postSolution
		SolutionGuid = {E5843B0C-9006-4854-8B77-75CC2C6BBC73}
	EndGlobalSection
EndGlobal
